// !$*UTF8*$!
{
	archiveVersion = 1;
	classes = {
	};
	objectVersion = 46;
	objects = {

/* Begin PBXBuildFile section */
		5BAA7F481B30F860003226EF /* AppDelegate.swift in Sources */ = {isa = PBXBuildFile; fileRef = 5BAA7F471B30F860003226EF /* AppDelegate.swift */; };
		5BAA7F4B1B30F860003226EF /* AddressBook3.xcdatamodeld in Sources */ = {isa = PBXBuildFile; fileRef = 5BAA7F491B30F860003226EF /* AddressBook3.xcdatamodeld */; };
		5BAA7F4D1B30F860003226EF /* MasterViewController.swift in Sources */ = {isa = PBXBuildFile; fileRef = 5BAA7F4C1B30F860003226EF /* MasterViewController.swift */; };
		5BAA7F4F1B30F860003226EF /* DetailViewController.swift in Sources */ = {isa = PBXBuildFile; fileRef = 5BAA7F4E1B30F860003226EF /* DetailViewController.swift */; };
		5BAA7F521B30F860003226EF /* Main.storyboard in Resources */ = {isa = PBXBuildFile; fileRef = 5BAA7F501B30F860003226EF /* Main.storyboard */; };
		5BAA7F541B30F860003226EF /* Images.xcassets in Resources */ = {isa = PBXBuildFile; fileRef = 5BAA7F531B30F860003226EF /* Images.xcassets */; };
		5BAA7F571B30F860003226EF /* LaunchScreen.xib in Resources */ = {isa = PBXBuildFile; fileRef = 5BAA7F551B30F860003226EF /* LaunchScreen.xib */; };
		5BAA7F631B30F860003226EF /* AddressBook3Tests.swift in Sources */ = {isa = PBXBuildFile; fileRef = 5BAA7F621B30F860003226EF /* AddressBook3Tests.swift */; };
		5BF165421B3310B000D3F2AD /* Person.swift in Sources */ = {isa = PBXBuildFile; fileRef = 5BF165411B3310B000D3F2AD /* Person.swift */; };
		5BF165441B3310B000D3F2AD /* Address.swift in Sources */ = {isa = PBXBuildFile; fileRef = 5BF165431B3310B000D3F2AD /* Address.swift */; };
/* End PBXBuildFile section */

/* Begin PBXContainerItemProxy section */
		5BAA7F5D1B30F860003226EF /* PBXContainerItemProxy */ = {
			isa = PBXContainerItemProxy;
			containerPortal = 5BAA7F3A1B30F860003226EF /* Project object */;
			proxyType = 1;
			remoteGlobalIDString = 5BAA7F411B30F860003226EF;
			remoteInfo = AddressBook3;
		};
/* End PBXContainerItemProxy section */

/* Begin PBXFileReference section */
		5BAA7F421B30F860003226EF /* AddressBook3.app */ = {isa = PBXFileReference; explicitFileType = wrapper.application; includeInIndex = 0; path = AddressBook3.app; sourceTree = BUILT_PRODUCTS_DIR; };
		5BAA7F461B30F860003226EF /* Info.plist */ = {isa = PBXFileReference; lastKnownFileType = text.plist.xml; path = Info.plist; sourceTree = "<group>"; };
		5BAA7F471B30F860003226EF /* AppDelegate.swift */ = {isa = PBXFileReference; lastKnownFileType = sourcecode.swift; path = AppDelegate.swift; sourceTree = "<group>"; };
		5BAA7F4A1B30F860003226EF /* AddressBook3.xcdatamodel */ = {isa = PBXFileReference; lastKnownFileType = wrapper.xcdatamodel; path = AddressBook3.xcdatamodel; sourceTree = "<group>"; };
		5BAA7F4C1B30F860003226EF /* MasterViewController.swift */ = {isa = PBXFileReference; lastKnownFileType = sourcecode.swift; path = MasterViewController.swift; sourceTree = "<group>"; };
		5BAA7F4E1B30F860003226EF /* DetailViewController.swift */ = {isa = PBXFileReference; lastKnownFileType = sourcecode.swift; path = DetailViewController.swift; sourceTree = "<group>"; };
		5BAA7F511B30F860003226EF /* Base */ = {isa = PBXFileReference; lastKnownFileType = file.storyboard; name = Base; path = Base.lproj/Main.storyboard; sourceTree = "<group>"; };
		5BAA7F531B30F860003226EF /* Images.xcassets */ = {isa = PBXFileReference; lastKnownFileType = folder.assetcatalog; path = Images.xcassets; sourceTree = "<group>"; };
		5BAA7F561B30F860003226EF /* Base */ = {isa = PBXFileReference; lastKnownFileType = file.xib; name = Base; path = Base.lproj/LaunchScreen.xib; sourceTree = "<group>"; };
		5BAA7F5C1B30F860003226EF /* AddressBook3Tests.xctest */ = {isa = PBXFileReference; explicitFileType = wrapper.cfbundle; includeInIndex = 0; path = AddressBook3Tests.xctest; sourceTree = BUILT_PRODUCTS_DIR; };
		5BAA7F611B30F860003226EF /* Info.plist */ = {isa = PBXFileReference; lastKnownFileType = text.plist.xml; path = Info.plist; sourceTree = "<group>"; };
		5BAA7F621B30F860003226EF /* AddressBook3Tests.swift */ = {isa = PBXFileReference; lastKnownFileType = sourcecode.swift; path = AddressBook3Tests.swift; sourceTree = "<group>"; };
		5BF165411B3310B000D3F2AD /* Person.swift */ = {isa = PBXFileReference; fileEncoding = 4; lastKnownFileType = sourcecode.swift; path = Person.swift; sourceTree = "<group>"; };
		5BF165431B3310B000D3F2AD /* Address.swift */ = {isa = PBXFileReference; fileEncoding = 4; lastKnownFileType = sourcecode.swift; path = Address.swift; sourceTree = "<group>"; };
/* End PBXFileReference section */

/* Begin PBXFrameworksBuildPhase section */
		5BAA7F3F1B30F860003226EF /* Frameworks */ = {
			isa = PBXFrameworksBuildPhase;
			buildActionMask = 2147483647;
			files = (
			);
			runOnlyForDeploymentPostprocessing = 0;
		};
		5BAA7F591B30F860003226EF /* Frameworks */ = {
			isa = PBXFrameworksBuildPhase;
			buildActionMask = 2147483647;
			files = (
			);
			runOnlyForDeploymentPostprocessing = 0;
		};
/* End PBXFrameworksBuildPhase section */

/* Begin PBXGroup section */
		5BAA7F391B30F860003226EF = {
			isa = PBXGroup;
			children = (
				5BAA7F441B30F860003226EF /* AddressBook3 */,
				5BAA7F5F1B30F860003226EF /* AddressBook3Tests */,
				5BAA7F431B30F860003226EF /* Products */,
			);
			sourceTree = "<group>";
		};
		5BAA7F431B30F860003226EF /* Products */ = {
			isa = PBXGroup;
			children = (
				5BAA7F421B30F860003226EF /* AddressBook3.app */,
				5BAA7F5C1B30F860003226EF /* AddressBook3Tests.xctest */,
			);
			name = Products;
			sourceTree = "<group>";
		};
		5BAA7F441B30F860003226EF /* AddressBook3 */ = {
			isa = PBXGroup;
			children = (
				5BF165431B3310B000D3F2AD /* Address.swift */,
				5BF165411B3310B000D3F2AD /* Person.swift */,
				5BAA7F471B30F860003226EF /* AppDelegate.swift */,
				5BAA7F4C1B30F860003226EF /* MasterViewController.swift */,
				5BAA7F4E1B30F860003226EF /* DetailViewController.swift */,
				5BAA7F501B30F860003226EF /* Main.storyboard */,
				5BAA7F531B30F860003226EF /* Images.xcassets */,
				5BAA7F551B30F860003226EF /* LaunchScreen.xib */,
				5BAA7F491B30F860003226EF /* AddressBook3.xcdatamodeld */,
				5BAA7F451B30F860003226EF /* Supporting Files */,
			);
			path = AddressBook3;
			sourceTree = "<group>";
		};
		5BAA7F451B30F860003226EF /* Supporting Files */ = {
			isa = PBXGroup;
			children = (
				5BAA7F461B30F860003226EF /* Info.plist */,
			);
			name = "Supporting Files";
			sourceTree = "<group>";
		};
		5BAA7F5F1B30F860003226EF /* AddressBook3Tests */ = {
			isa = PBXGroup;
			children = (
				5BAA7F621B30F860003226EF /* AddressBook3Tests.swift */,
				5BAA7F601B30F860003226EF /* Supporting Files */,
			);
			path = AddressBook3Tests;
			sourceTree = "<group>";
		};
		5BAA7F601B30F860003226EF /* Supporting Files */ = {
			isa = PBXGroup;
			children = (
				5BAA7F611B30F860003226EF /* Info.plist */,
			);
			name = "Supporting Files";
			sourceTree = "<group>";
		};
/* End PBXGroup section */

/* Begin PBXNativeTarget section */
		5BAA7F411B30F860003226EF /* AddressBook3 */ = {
			isa = PBXNativeTarget;
			buildConfigurationList = 5BAA7F661B30F860003226EF /* Build configuration list for PBXNativeTarget "AddressBook3" */;
			buildPhases = (
				5BAA7F3E1B30F860003226EF /* Sources */,
				5BAA7F3F1B30F860003226EF /* Frameworks */,
				5BAA7F401B30F860003226EF /* Resources */,
			);
			buildRules = (
			);
			dependencies = (
			);
			name = AddressBook3;
			productName = AddressBook3;
			productReference = 5BAA7F421B30F860003226EF /* AddressBook3.app */;
			productType = "com.apple.product-type.application";
		};
		5BAA7F5B1B30F860003226EF /* AddressBook3Tests */ = {
			isa = PBXNativeTarget;
			buildConfigurationList = 5BAA7F691B30F860003226EF /* Build configuration list for PBXNativeTarget "AddressBook3Tests" */;
			buildPhases = (
				5BAA7F581B30F860003226EF /* Sources */,
				5BAA7F591B30F860003226EF /* Frameworks */,
				5BAA7F5A1B30F860003226EF /* Resources */,
			);
			buildRules = (
			);
			dependencies = (
				5BAA7F5E1B30F860003226EF /* PBXTargetDependency */,
			);
			name = AddressBook3Tests;
			productName = AddressBook3Tests;
			productReference = 5BAA7F5C1B30F860003226EF /* AddressBook3Tests.xctest */;
			productType = "com.apple.product-type.bundle.unit-test";
		};
/* End PBXNativeTarget section */

/* Begin PBXProject section */
		5BAA7F3A1B30F860003226EF /* Project object */ = {
			isa = PBXProject;
			attributes = {
				LastUpgradeCheck = 0630;
				ORGANIZATIONNAME = "Sttir Inc";
				TargetAttributes = {
					5BAA7F411B30F860003226EF = {
						CreatedOnToolsVersion = 6.3.2;
					};
					5BAA7F5B1B30F860003226EF = {
						CreatedOnToolsVersion = 6.3.2;
						TestTargetID = 5BAA7F411B30F860003226EF;
					};
				};
			};
			buildConfigurationList = 5BAA7F3D1B30F860003226EF /* Build configuration list for PBXProject "AddressBook3" */;
			compatibilityVersion = "Xcode 3.2";
			developmentRegion = English;
			hasScannedForEncodings = 0;
			knownRegions = (
				en,
				Base,
			);
			mainGroup = 5BAA7F391B30F860003226EF;
			productRefGroup = 5BAA7F431B30F860003226EF /* Products */;
			projectDirPath = "";
			projectRoot = "";
			targets = (
				5BAA7F411B30F860003226EF /* AddressBook3 */,
				5BAA7F5B1B30F860003226EF /* AddressBook3Tests */,
			);
		};
/* End PBXProject section */

/* Begin PBXResourcesBuildPhase section */
		5BAA7F401B30F860003226EF /* Resources */ = {
			isa = PBXResourcesBuildPhase;
			buildActionMask = 2147483647;
			files = (
				5BAA7F521B30F860003226EF /* Main.storyboard in Resources */,
				5BAA7F571B30F860003226EF /* LaunchScreen.xib in Resources */,
				5BAA7F541B30F860003226EF /* Images.xcassets in Resources */,
			);
			runOnlyForDeploymentPostprocessing = 0;
		};
		5BAA7F5A1B30F860003226EF /* Resources */ = {
			isa = PBXResourcesBuildPhase;
			buildActionMask = 2147483647;
			files = (
			);
			runOnlyForDeploymentPostprocessing = 0;
		};
/* End PBXResourcesBuildPhase section */

/* Begin PBXSourcesBuildPhase section */
		5BAA7F3E1B30F860003226EF /* Sources */ = {
			isa = PBXSourcesBuildPhase;
			buildActionMask = 2147483647;
			files = (
				5BF165441B3310B000D3F2AD /* Address.swift in Sources */,
				5BF165421B3310B000D3F2AD /* Person.swift in Sources */,
				5BAA7F481B30F860003226EF /* AppDelegate.swift in Sources */,
				5BAA7F4B1B30F860003226EF /* AddressBook3.xcdatamodeld in Sources */,
				5BAA7F4D1B30F860003226EF /* MasterViewController.swift in Sources */,
				5BAA7F4F1B30F860003226EF /* DetailViewController.swift in Sources */,
			);
			runOnlyForDeploymentPostprocessing = 0;
		};
		5BAA7F581B30F860003226EF /* Sources */ = {
			isa = PBXSourcesBuildPhase;
			buildActionMask = 2147483647;
			files = (
				5BAA7F631B30F860003226EF /* AddressBook3Tests.swift in Sources */,
			);
			runOnlyForDeploymentPostprocessing = 0;
		};
/* End PBXSourcesBuildPhase section */

/* Begin PBXTargetDependency section */
		5BAA7F5E1B30F860003226EF /* PBXTargetDependency */ = {
			isa = PBXTargetDependency;
			target = 5BAA7F411B30F860003226EF /* AddressBook3 */;
			targetProxy = 5BAA7F5D1B30F860003226EF /* PBXContainerItemProxy */;
		};
/* End PBXTargetDependency section */

/* Begin PBXVariantGroup section */
		5BAA7F501B30F860003226EF /* Main.storyboard */ = {
			isa = PBXVariantGroup;
			children = (
				5BAA7F511B30F860003226EF /* Base */,
			);
			name = Main.storyboard;
			sourceTree = "<group>";
		};
		5BAA7F551B30F860003226EF /* LaunchScreen.xib */ = {
			isa = PBXVariantGroup;
			children = (
				5BAA7F561B30F860003226EF /* Base */,
			);
			name = LaunchScreen.xib;
			sourceTree = "<group>";
		};
/* End PBXVariantGroup section */

/* Begin XCBuildConfiguration section */
		5BAA7F641B30F860003226EF /* Debug */ = {
			isa = XCBuildConfiguration;
			buildSettings = {
				ALWAYS_SEARCH_USER_PATHS = NO;
				CLANG_CXX_LANGUAGE_STANDARD = "gnu++0x";
				CLANG_CXX_LIBRARY = "libc++";
				CLANG_ENABLE_MODULES = YES;
				CLANG_ENABLE_OBJC_ARC = YES;
				CLANG_WARN_BOOL_CONVERSION = YES;
				CLANG_WARN_CONSTANT_CONVERSION = YES;
				CLANG_WARN_DIRECT_OBJC_ISA_USAGE = YES_ERROR;
				CLANG_WARN_EMPTY_BODY = YES;
				CLANG_WARN_ENUM_CONVERSION = YES;
				CLANG_WARN_INT_CONVERSION = YES;
				CLANG_WARN_OBJC_ROOT_CLASS = YES_ERROR;
				CLANG_WARN_UNREACHABLE_CODE = YES;
				CLANG_WARN__DUPLICATE_METHOD_MATCH = YES;
				"CODE_SIGN_IDENTITY[sdk=iphoneos*]" = "iPhone Developer";
				COPY_PHASE_STRIP = NO;
				DEBUG_INFORMATION_FORMAT = "dwarf-with-dsym";
				ENABLE_STRICT_OBJC_MSGSEND = YES;
				GCC_C_LANGUAGE_STANDARD = gnu99;
				GCC_DYNAMIC_NO_PIC = NO;
				GCC_NO_COMMON_BLOCKS = YES;
				GCC_OPTIMIZATION_LEVEL = 0;
				GCC_PREPROCESSOR_DEFINITIONS = (
					"DEBUG=1",
					"$(inherited)",
				);
				GCC_SYMBOLS_PRIVATE_EXTERN = NO;
				GCC_WARN_64_TO_32_BIT_CONVERSION = YES;
				GCC_WARN_ABOUT_RETURN_TYPE = YES_ERROR;
				GCC_WARN_UNDECLARED_SELECTOR = YES;
				GCC_WARN_UNINITIALIZED_AUTOS = YES_AGGRESSIVE;
				GCC_WARN_UNUSED_FUNCTION = YES;
				GCC_WARN_UNUSED_VARIABLE = YES;
				IPHONEOS_DEPLOYMENT_TARGET = 8.3;
				MTL_ENABLE_DEBUG_INFO = YES;
				ONLY_ACTIVE_ARCH = YES;
				SDKROOT = iphoneos;
				SWIFT_OPTIMIZATION_LEVEL = "-Onone";
				TARGETED_DEVICE_FAMILY = "1,2";
			};
			name = Debug;
		};
		5BAA7F651B30F860003226EF /* Release */ = {
			isa = XCBuildConfiguration;
			buildSettings = {
				ALWAYS_SEARCH_USER_PATHS = NO;
				CLANG_CXX_LANGUAGE_STANDARD = "gnu++0x";
				CLANG_CXX_LIBRARY = "libc++";
				CLANG_ENABLE_MODULES = YES;
				CLANG_ENABLE_OBJC_ARC = YES;
				CLANG_WARN_BOOL_CONVERSION = YES;
				CLANG_WARN_CONSTANT_CONVERSION = YES;
				CLANG_WARN_DIRECT_OBJC_ISA_USAGE = YES_ERROR;
				CLANG_WARN_EMPTY_BODY = YES;
				CLANG_WARN_ENUM_CONVERSION = YES;
				CLANG_WARN_INT_CONVERSION = YES;
				CLANG_WARN_OBJC_ROOT_CLASS = YES_ERROR;
				CLANG_WARN_UNREACHABLE_CODE = YES;
				CLANG_WARN__DUPLICATE_METHOD_MATCH = YES;
				"CODE_SIGN_IDENTITY[sdk=iphoneos*]" = "iPhone Developer";
				COPY_PHASE_STRIP = NO;
				DEBUG_INFORMATION_FORMAT = "dwarf-with-dsym";
				ENABLE_NS_ASSERTIONS = NO;
				ENABLE_STRICT_OBJC_MSGSEND = YES;
				GCC_C_LANGUAGE_STANDARD = gnu99;
				GCC_NO_COMMON_BLOCKS = YES;
				GCC_WARN_64_TO_32_BIT_CONVERSION = YES;
				GCC_WARN_ABOUT_RETURN_TYPE = YES_ERROR;
				GCC_WARN_UNDECLARED_SELECTOR = YES;
				GCC_WARN_UNINITIALIZED_AUTOS = YES_AGGRESSIVE;
				GCC_WARN_UNUSED_FUNCTION = YES;
				GCC_WARN_UNUSED_VARIABLE = YES;
				IPHONEOS_DEPLOYMENT_TARGET = 8.3;
				MTL_ENABLE_DEBUG_INFO = NO;
				SDKROOT = iphoneos;
				TARGETED_DEVICE_FAMILY = "1,2";
				VALIDATE_PRODUCT = YES;
			};
			name = Release;
		};
		5BAA7F671B30F860003226EF /* Debug */ = {
			isa = XCBuildConfiguration;
			buildSettings = {
				ASSETCATALOG_COMPILER_APPICON_NAME = AppIcon;
				INFOPLIST_FILE = AddressBook3/Info.plist;
				LD_RUNPATH_SEARCH_PATHS = "$(inherited) @executable_path/Frameworks";
				PRODUCT_NAME = "$(TARGET_NAME)";
			};
			name = Debug;
		};
		5BAA7F681B30F860003226EF /* Release */ = {
			isa = XCBuildConfiguration;
			buildSettings = {
				ASSETCATALOG_COMPILER_APPICON_NAME = AppIcon;
				INFOPLIST_FILE = AddressBook3/Info.plist;
				LD_RUNPATH_SEARCH_PATHS = "$(inherited) @executable_path/Frameworks";
				PRODUCT_NAME = "$(TARGET_NAME)";
			};
			name = Release;
		};
		5BAA7F6A1B30F860003226EF /* Debug */ = {
			isa = XCBuildConfiguration;
			buildSettings = {
				BUNDLE_LOADER = "$(TEST_HOST)";
				FRAMEWORK_SEARCH_PATHS = (
					"$(SDKROOT)/Developer/Library/Frameworks",
					"$(inherited)",
				);
				GCC_PREPROCESSOR_DEFINITIONS = (
					"DEBUG=1",
					"$(inherited)",
				);
				INFOPLIST_FILE = AddressBook3Tests/Info.plist;
				LD_RUNPATH_SEARCH_PATHS = "$(inherited) @executable_path/Frameworks @loader_path/Frameworks";
				PRODUCT_NAME = "$(TARGET_NAME)";
				TEST_HOST = "$(BUILT_PRODUCTS_DIR)/AddressBook3.app/AddressBook3";
			};
			name = Debug;
		};
		5BAA7F6B1B30F860003226EF /* Release */ = {
			isa = XCBuildConfiguration;
			buildSettings = {
				BUNDLE_LOADER = "$(TEST_HOST)";
				FRAMEWORK_SEARCH_PATHS = (
					"$(SDKROOT)/Developer/Library/Frameworks",
					"$(inherited)",
				);
				INFOPLIST_FILE = AddressBook3Tests/Info.plist;
				LD_RUNPATH_SEARCH_PATHS = "$(inherited) @executable_path/Frameworks @loader_path/Frameworks";
				PRODUCT_NAME = "$(TARGET_NAME)";
				TEST_HOST = "$(BUILT_PRODUCTS_DIR)/AddressBook3.app/AddressBook3";
			};
			name = Release;
		};
/* End XCBuildConfiguration section */

/* Begin XCConfigurationList section */
		5BAA7F3D1B30F860003226EF /* Build configuration list for PBXProject "AddressBook3" */ = {
			isa = XCConfigurationList;
			buildConfigurations = (
				5BAA7F641B30F860003226EF /* Debug */,
				5BAA7F651B30F860003226EF /* Release */,
			);
			defaultConfigurationIsVisible = 0;
			defaultConfigurationName = Release;
		};
		5BAA7F661B30F860003226EF /* Build configuration list for PBXNativeTarget "AddressBook3" */ = {
			isa = XCConfigurationList;
			buildConfigurations = (
				5BAA7F671B30F860003226EF /* Debug */,
				5BAA7F681B30F860003226EF /* Release */,
			);
			defaultConfigurationIsVisible = 0;
			defaultConfigurationName = Release;
		};
		5BAA7F691B30F860003226EF /* Build configuration list for PBXNativeTarget "AddressBook3Tests" */ = {
			isa = XCConfigurationList;
			buildConfigurations = (
				5BAA7F6A1B30F860003226EF /* Debug */,
				5BAA7F6B1B30F860003226EF /* Release */,
			);
			defaultConfigurationIsVisible = 0;
			defaultConfigurationName = Release;
		};
/* End XCConfigurationList section */

/* Begin XCVersionGroup section */
		5BAA7F491B30F860003226EF /* AddressBook3.xcdatamodeld */ = {
			isa = XCVersionGroup;
			children = (
				5BAA7F4A1B30F860003226EF /* AddressBook3.xcdatamodel */,
			);
			currentVersion = 5BAA7F4A1B30F860003226EF /* AddressBook3.xcdatamodel */;
			path = AddressBook3.xcdatamodeld;
			sourceTree = "<group>";
			versionGroupType = wrapper.xcdatamodel;
		};
/* End XCVersionGroup section */
	};
	rootObject = 5BAA7F3A1B30F860003226EF /* Project object */;
}
